
Microsoft Visual Studio Solution File, Format Version 12.00
# Visual Studio Version 16
VisualStudioVersion = 16.0.30114.105
MinimumVisualStudioVersion = 10.0.40219.1
Project("{FAE04EC0-301F-11D3-BF4B-00C04F79EFBC}") = "MarsRoverApp", "MarsRoverApp\MarsRoverApp.csproj", "{995961DA-9366-4243-BA58-F32F5B7A897B}"
EndProject
Project("{FAE04EC0-301F-11D3-BF4B-00C04F79EFBC}") = "MarsRoverApp.Tests", "MarsRoverApp.Tests\MarsRoverApp.Tests.csproj", "{23A81AD9-655B-434D-987B-D49F5A0B470D}"
EndProject
Global
	GlobalSection(SolutionConfigurationPlatforms) = preSolution
		Debug|Any CPU = Debug|Any CPU
		Release|Any CPU = Release|Any CPU
	EndGlobalSection
	GlobalSection(SolutionProperties) = preSolution
		HideSolutionNode = FALSE
	EndGlobalSection
	GlobalSection(ProjectConfigurationPlatforms) = postSolution
		{995961DA-9366-4243-BA58-F32F5B7A897B}.Debug|Any CPU.ActiveCfg = Debug|Any CPU
		{995961DA-9366-4243-BA58-F32F5B7A897B}.Debug|Any CPU.Build.0 = Debug|Any CPU
		{995961DA-9366-4243-BA58-F32F5B7A897B}.Release|Any CPU.ActiveCfg = Release|Any CPU
		{995961DA-9366-4243-BA58-F32F5B7A897B}.Release|Any CPU.Build.0 = Release|Any CPU
		{23A81AD9-655B-434D-987B-D49F5A0B470D}.Debug|Any CPU.ActiveCfg = Debug|Any CPU
		{23A81AD9-655B-434D-987B-D49F5A0B470D}.Debug|Any CPU.Build.0 = Debug|Any CPU
		{23A81AD9-655B-434D-987B-D49F5A0B470D}.Release|Any CPU.ActiveCfg = Release|Any CPU
		{23A81AD9-655B-434D-987B-D49F5A0B470D}.Release|Any CPU.Build.0 = Release|Any CPU
	EndGlobalSection
EndGlobal
